// !$*UTF8*$!
{
	archiveVersion = 1;
	classes = {
	};
	objectVersion = 77;
	objects = {

/* Begin PBXBuildFile section */
		BE24C6802D813A6800AE523F /* List+CoreDataClass.swift in Sources */ = {isa = PBXBuildFile; fileRef = BE24C67A2D813A6800AE523F /* List+CoreDataClass.swift */; };
		BE24C6812D813A6800AE523F /* List+CoreDataProperties.swift in Sources */ = {isa = PBXBuildFile; fileRef = BE24C67B2D813A6800AE523F /* List+CoreDataProperties.swift */; };
		BE24C6822D813A6800AE523F /* Reminder+CoreDataClass.swift in Sources */ = {isa = PBXBuildFile; fileRef = BE24C67C2D813A6800AE523F /* Reminder+CoreDataClass.swift */; };
		BE24C6832D813A6800AE523F /* Task+CoreDataClass.swift in Sources */ = {isa = PBXBuildFile; fileRef = BE24C67E2D813A6800AE523F /* Task+CoreDataClass.swift */; };
		BE24C6842D813A6800AE523F /* Reminder+CoreDataProperties.swift in Sources */ = {isa = PBXBuildFile; fileRef = BE24C67D2D813A6800AE523F /* Reminder+CoreDataProperties.swift */; };
		BE24C6852D813A6800AE523F /* Task+CoreDataProperties.swift in Sources */ = {isa = PBXBuildFile; fileRef = BE24C67F2D813A6800AE523F /* Task+CoreDataProperties.swift */; };
		BEA3C4142D80FB700023E628 /* User+CoreDataProperties.swift in Sources */ = {isa = PBXBuildFile; fileRef = BEA3C4132D80FB700023E628 /* User+CoreDataProperties.swift */; };
		BEA3C4152D80FB700023E628 /* User+CoreDataClass.swift in Sources */ = {isa = PBXBuildFile; fileRef = BEA3C4122D80FB700023E628 /* User+CoreDataClass.swift */; };
/* End PBXBuildFile section */

/* Begin PBXContainerItemProxy section */
		608A92E82D70D1CF00C9D29C /* PBXContainerItemProxy */ = {
			isa = PBXContainerItemProxy;
			containerPortal = 608A92C92D70D1CD00C9D29C /* Project object */;
			proxyType = 1;
			remoteGlobalIDString = 608A92D02D70D1CD00C9D29C;
			remoteInfo = TODO_COMP3097;
		};
		608A92F22D70D1CF00C9D29C /* PBXContainerItemProxy */ = {
			isa = PBXContainerItemProxy;
			containerPortal = 608A92C92D70D1CD00C9D29C /* Project object */;
			proxyType = 1;
			remoteGlobalIDString = 608A92D02D70D1CD00C9D29C;
			remoteInfo = TODO_COMP3097;
		};
/* End PBXContainerItemProxy section */

/* Begin PBXFileReference section */
		608A92D12D70D1CD00C9D29C /* TODO_COMP3097.app */ = {isa = PBXFileReference; explicitFileType = wrapper.application; includeInIndex = 0; path = TODO_COMP3097.app; sourceTree = BUILT_PRODUCTS_DIR; };
		608A92E72D70D1CF00C9D29C /* TODO_COMP3097Tests.xctest */ = {isa = PBXFileReference; explicitFileType = wrapper.cfbundle; includeInIndex = 0; path = TODO_COMP3097Tests.xctest; sourceTree = BUILT_PRODUCTS_DIR; };
		608A92F12D70D1CF00C9D29C /* TODO_COMP3097UITests.xctest */ = {isa = PBXFileReference; explicitFileType = wrapper.cfbundle; includeInIndex = 0; path = TODO_COMP3097UITests.xctest; sourceTree = BUILT_PRODUCTS_DIR; };
		BE24C67A2D813A6800AE523F /* List+CoreDataClass.swift */ = {isa = PBXFileReference; lastKnownFileType = sourcecode.swift; name = "List+CoreDataClass.swift"; path = "TODO_COMP3097/List+CoreDataClass.swift"; sourceTree = "<group>"; };
		BE24C67B2D813A6800AE523F /* List+CoreDataProperties.swift */ = {isa = PBXFileReference; lastKnownFileType = sourcecode.swift; name = "List+CoreDataProperties.swift"; path = "TODO_COMP3097/List+CoreDataProperties.swift"; sourceTree = "<group>"; };
		BE24C67C2D813A6800AE523F /* Reminder+CoreDataClass.swift */ = {isa = PBXFileReference; lastKnownFileType = sourcecode.swift; name = "Reminder+CoreDataClass.swift"; path = "TODO_COMP3097/Reminder+CoreDataClass.swift"; sourceTree = "<group>"; };
		BE24C67D2D813A6800AE523F /* Reminder+CoreDataProperties.swift */ = {isa = PBXFileReference; lastKnownFileType = sourcecode.swift; name = "Reminder+CoreDataProperties.swift"; path = "TODO_COMP3097/Reminder+CoreDataProperties.swift"; sourceTree = "<group>"; };
		BE24C67E2D813A6800AE523F /* Task+CoreDataClass.swift */ = {isa = PBXFileReference; lastKnownFileType = sourcecode.swift; name = "Task+CoreDataClass.swift"; path = "TODO_COMP3097/Task+CoreDataClass.swift"; sourceTree = "<group>"; };
		BE24C67F2D813A6800AE523F /* Task+CoreDataProperties.swift */ = {isa = PBXFileReference; lastKnownFileType = sourcecode.swift; name = "Task+CoreDataProperties.swift"; path = "TODO_COMP3097/Task+CoreDataProperties.swift"; sourceTree = "<group>"; };
		BEA3C4122D80FB700023E628 /* User+CoreDataClass.swift */ = {isa = PBXFileReference; lastKnownFileType = sourcecode.swift; name = "User+CoreDataClass.swift"; path = "TODO_COMP3097/User+CoreDataClass.swift"; sourceTree = "<group>"; };
		BEA3C4132D80FB700023E628 /* User+CoreDataProperties.swift */ = {isa = PBXFileReference; lastKnownFileType = sourcecode.swift; name = "User+CoreDataProperties.swift"; path = "TODO_COMP3097/User+CoreDataProperties.swift"; sourceTree = "<group>"; };
/* End PBXFileReference section */

/* Begin PBXFileSystemSynchronizedBuildFileExceptionSet section */
		608A92F92D70D1CF00C9D29C /* Exceptions for "TODO_COMP3097" folder in "TODO_COMP3097" target */ = {
			isa = PBXFileSystemSynchronizedBuildFileExceptionSet;
			membershipExceptions = (
				Info.plist,
			);
			target = 608A92D02D70D1CD00C9D29C /* TODO_COMP3097 */;
		};
/* End PBXFileSystemSynchronizedBuildFileExceptionSet section */

/* Begin PBXFileSystemSynchronizedRootGroup section */
		608A92D32D70D1CD00C9D29C /* TODO_COMP3097 */ = {
			isa = PBXFileSystemSynchronizedRootGroup;
			exceptions = (
				608A92F92D70D1CF00C9D29C /* Exceptions for "TODO_COMP3097" folder in "TODO_COMP3097" target */,
			);
			path = TODO_COMP3097;
			sourceTree = "<group>";
		};
		608A92EA2D70D1CF00C9D29C /* TODO_COMP3097Tests */ = {
			isa = PBXFileSystemSynchronizedRootGroup;
			path = TODO_COMP3097Tests;
			sourceTree = "<group>";
		};
		608A92F42D70D1CF00C9D29C /* TODO_COMP3097UITests */ = {
			isa = PBXFileSystemSynchronizedRootGroup;
			path = TODO_COMP3097UITests;
			sourceTree = "<group>";
		};
/* End PBXFileSystemSynchronizedRootGroup section */

/* Begin PBXFrameworksBuildPhase section */
		608A92CE2D70D1CD00C9D29C /* Frameworks */ = {
			isa = PBXFrameworksBuildPhase;
			buildActionMask = 2147483647;
			files = (
			);
			runOnlyForDeploymentPostprocessing = 0;
		};
		608A92E42D70D1CF00C9D29C /* Frameworks */ = {
			isa = PBXFrameworksBuildPhase;
			buildActionMask = 2147483647;
			files = (
			);
			runOnlyForDeploymentPostprocessing = 0;
		};
		608A92EE2D70D1CF00C9D29C /* Frameworks */ = {
			isa = PBXFrameworksBuildPhase;
			buildActionMask = 2147483647;
			files = (
			);
			runOnlyForDeploymentPostprocessing = 0;
		};
/* End PBXFrameworksBuildPhase section */

/* Begin PBXGroup section */
		608A92C82D70D1CD00C9D29C = {
			isa = PBXGroup;
			children = (
				BE24C67A2D813A6800AE523F /* List+CoreDataClass.swift */,
				BE24C67B2D813A6800AE523F /* List+CoreDataProperties.swift */,
				BE24C67C2D813A6800AE523F /* Reminder+CoreDataClass.swift */,
				BE24C67D2D813A6800AE523F /* Reminder+CoreDataProperties.swift */,
				BE24C67E2D813A6800AE523F /* Task+CoreDataClass.swift */,
				BE24C67F2D813A6800AE523F /* Task+CoreDataProperties.swift */,
				BEA3C4122D80FB700023E628 /* User+CoreDataClass.swift */,
				BEA3C4132D80FB700023E628 /* User+CoreDataProperties.swift */,
				608A92D32D70D1CD00C9D29C /* TODO_COMP3097 */,
				608A92EA2D70D1CF00C9D29C /* TODO_COMP3097Tests */,
				608A92F42D70D1CF00C9D29C /* TODO_COMP3097UITests */,
				608A92D22D70D1CD00C9D29C /* Products */,
			);
			sourceTree = "<group>";
		};
		608A92D22D70D1CD00C9D29C /* Products */ = {
			isa = PBXGroup;
			children = (
				608A92D12D70D1CD00C9D29C /* TODO_COMP3097.app */,
				608A92E72D70D1CF00C9D29C /* TODO_COMP3097Tests.xctest */,
				608A92F12D70D1CF00C9D29C /* TODO_COMP3097UITests.xctest */,
			);
			name = Products;
			sourceTree = "<group>";
		};
/* End PBXGroup section */

/* Begin PBXNativeTarget section */
		608A92D02D70D1CD00C9D29C /* TODO_COMP3097 */ = {
			isa = PBXNativeTarget;
			buildConfigurationList = 608A92FA2D70D1CF00C9D29C /* Build configuration list for PBXNativeTarget "TODO_COMP3097" */;
			buildPhases = (
				608A92CD2D70D1CD00C9D29C /* Sources */,
				608A92CE2D70D1CD00C9D29C /* Frameworks */,
				608A92CF2D70D1CD00C9D29C /* Resources */,
			);
			buildRules = (
			);
			dependencies = (
			);
			fileSystemSynchronizedGroups = (
				608A92D32D70D1CD00C9D29C /* TODO_COMP3097 */,
			);
			name = TODO_COMP3097;
			packageProductDependencies = (
			);
			productName = TODO_COMP3097;
			productReference = 608A92D12D70D1CD00C9D29C /* TODO_COMP3097.app */;
			productType = "com.apple.product-type.application";
		};
		608A92E62D70D1CF00C9D29C /* TODO_COMP3097Tests */ = {
			isa = PBXNativeTarget;
			buildConfigurationList = 608A92FF2D70D1CF00C9D29C /* Build configuration list for PBXNativeTarget "TODO_COMP3097Tests" */;
			buildPhases = (
				608A92E32D70D1CF00C9D29C /* Sources */,
				608A92E42D70D1CF00C9D29C /* Frameworks */,
				608A92E52D70D1CF00C9D29C /* Resources */,
			);
			buildRules = (
			);
			dependencies = (
				608A92E92D70D1CF00C9D29C /* PBXTargetDependency */,
			);
			fileSystemSynchronizedGroups = (
				608A92EA2D70D1CF00C9D29C /* TODO_COMP3097Tests */,
			);
			name = TODO_COMP3097Tests;
			packageProductDependencies = (
			);
			productName = TODO_COMP3097Tests;
			productReference = 608A92E72D70D1CF00C9D29C /* TODO_COMP3097Tests.xctest */;
			productType = "com.apple.product-type.bundle.unit-test";
		};
		608A92F02D70D1CF00C9D29C /* TODO_COMP3097UITests */ = {
			isa = PBXNativeTarget;
			buildConfigurationList = 608A93022D70D1CF00C9D29C /* Build configuration list for PBXNativeTarget "TODO_COMP3097UITests" */;
			buildPhases = (
				608A92ED2D70D1CF00C9D29C /* Sources */,
				608A92EE2D70D1CF00C9D29C /* Frameworks */,
				608A92EF2D70D1CF00C9D29C /* Resources */,
			);
			buildRules = (
			);
			dependencies = (
				608A92F32D70D1CF00C9D29C /* PBXTargetDependency */,
			);
			fileSystemSynchronizedGroups = (
				608A92F42D70D1CF00C9D29C /* TODO_COMP3097UITests */,
			);
			name = TODO_COMP3097UITests;
			packageProductDependencies = (
			);
			productName = TODO_COMP3097UITests;
			productReference = 608A92F12D70D1CF00C9D29C /* TODO_COMP3097UITests.xctest */;
			productType = "com.apple.product-type.bundle.ui-testing";
		};
/* End PBXNativeTarget section */

/* Begin PBXProject section */
		608A92C92D70D1CD00C9D29C /* Project object */ = {
			isa = PBXProject;
			attributes = {
				BuildIndependentTargetsInParallel = 1;
				LastSwiftUpdateCheck = 1620;
				LastUpgradeCheck = 1620;
				TargetAttributes = {
					608A92D02D70D1CD00C9D29C = {
						CreatedOnToolsVersion = 16.2;
					};
					608A92E62D70D1CF00C9D29C = {
						CreatedOnToolsVersion = 16.2;
						TestTargetID = 608A92D02D70D1CD00C9D29C;
					};
					608A92F02D70D1CF00C9D29C = {
						CreatedOnToolsVersion = 16.2;
						TestTargetID = 608A92D02D70D1CD00C9D29C;
					};
				};
			};
			buildConfigurationList = 608A92CC2D70D1CD00C9D29C /* Build configuration list for PBXProject "TODO_COMP3097" */;
			developmentRegion = en;
			hasScannedForEncodings = 0;
			knownRegions = (
				en,
				Base,
			);
			mainGroup = 608A92C82D70D1CD00C9D29C;
			minimizedProjectReferenceProxies = 1;
			preferredProjectObjectVersion = 77;
			productRefGroup = 608A92D22D70D1CD00C9D29C /* Products */;
			projectDirPath = "";
			projectRoot = "";
			targets = (
				608A92D02D70D1CD00C9D29C /* TODO_COMP3097 */,
				608A92E62D70D1CF00C9D29C /* TODO_COMP3097Tests */,
				608A92F02D70D1CF00C9D29C /* TODO_COMP3097UITests */,
			);
		};
/* End PBXProject section */

/* Begin PBXResourcesBuildPhase section */
		608A92CF2D70D1CD00C9D29C /* Resources */ = {
			isa = PBXResourcesBuildPhase;
			buildActionMask = 2147483647;
			files = (
			);
			runOnlyForDeploymentPostprocessing = 0;
		};
		608A92E52D70D1CF00C9D29C /* Resources */ = {
			isa = PBXResourcesBuildPhase;
			buildActionMask = 2147483647;
			files = (
			);
			runOnlyForDeploymentPostprocessing = 0;
		};
		608A92EF2D70D1CF00C9D29C /* Resources */ = {
			isa = PBXResourcesBuildPhase;
			buildActionMask = 2147483647;
			files = (
			);
			runOnlyForDeploymentPostprocessing = 0;
		};
/* End PBXResourcesBuildPhase section */

/* Begin PBXSourcesBuildPhase section */
		608A92CD2D70D1CD00C9D29C /* Sources */ = {
			isa = PBXSourcesBuildPhase;
			buildActionMask = 2147483647;
			files = (
				BEA3C4142D80FB700023E628 /* User+CoreDataProperties.swift in Sources */,
				BEA3C4152D80FB700023E628 /* User+CoreDataClass.swift in Sources */,
				BE24C6802D813A6800AE523F /* List+CoreDataClass.swift in Sources */,
				BE24C6812D813A6800AE523F /* List+CoreDataProperties.swift in Sources */,
				BE24C6822D813A6800AE523F /* Reminder+CoreDataClass.swift in Sources */,
				BE24C6832D813A6800AE523F /* Task+CoreDataClass.swift in Sources */,
				BE24C6842D813A6800AE523F /* Reminder+CoreDataProperties.swift in Sources */,
				BE24C6852D813A6800AE523F /* Task+CoreDataProperties.swift in Sources */,
			);
			runOnlyForDeploymentPostprocessing = 0;
		};
		608A92E32D70D1CF00C9D29C /* Sources */ = {
			isa = PBXSourcesBuildPhase;
			buildActionMask = 2147483647;
			files = (
			);
			runOnlyForDeploymentPostprocessing = 0;
		};
		608A92ED2D70D1CF00C9D29C /* Sources */ = {
			isa = PBXSourcesBuildPhase;
			buildActionMask = 2147483647;
			files = (
			);
			runOnlyForDeploymentPostprocessing = 0;
		};
/* End PBXSourcesBuildPhase section */

/* Begin PBXTargetDependency section */
		608A92E92D70D1CF00C9D29C /* PBXTargetDependency */ = {
			isa = PBXTargetDependency;
			target = 608A92D02D70D1CD00C9D29C /* TODO_COMP3097 */;
			targetProxy = 608A92E82D70D1CF00C9D29C /* PBXContainerItemProxy */;
		};
		608A92F32D70D1CF00C9D29C /* PBXTargetDependency */ = {
			isa = PBXTargetDependency;
			target = 608A92D02D70D1CD00C9D29C /* TODO_COMP3097 */;
			targetProxy = 608A92F22D70D1CF00C9D29C /* PBXContainerItemProxy */;
		};
/* End PBXTargetDependency section */

/* Begin XCBuildConfiguration section */
		608A92FB2D70D1CF00C9D29C /* Debug */ = {
			isa = XCBuildConfiguration;
			buildSettings = {
				ASSETCATALOG_COMPILER_APPICON_NAME = AppIcon;
				ASSETCATALOG_COMPILER_GLOBAL_ACCENT_COLOR_NAME = AccentColor;
				CODE_SIGN_STYLE = Automatic;
				CURRENT_PROJECT_VERSION = 1;
				GENERATE_INFOPLIST_FILE = YES;
				INFOPLIST_FILE = TODO_COMP3097/Info.plist;
				INFOPLIST_KEY_UIApplicationSupportsIndirectInputEvents = YES;
				INFOPLIST_KEY_UILaunchStoryboardName = LaunchScreen;
				INFOPLIST_KEY_UIMainStoryboardFile = Main;
				INFOPLIST_KEY_UIStatusBarStyle = "";
				INFOPLIST_KEY_UISupportedInterfaceOrientations_iPad = "UIInterfaceOrientationPortrait UIInterfaceOrientationPortraitUpsideDown UIInterfaceOrientationLandscapeLeft UIInterfaceOrientationLandscapeRight";
				INFOPLIST_KEY_UISupportedInterfaceOrientations_iPhone = "UIInterfaceOrientationPortrait UIInterfaceOrientationLandscapeLeft UIInterfaceOrientationLandscapeRight";
				LD_RUNPATH_SEARCH_PATHS = (
					"$(inherited)",
					"@executable_path/Frameworks",
				);
				MARKETING_VERSION = 1.0;
				PRODUCT_BUNDLE_IDENTIFIER = "on.gbc.TODO-COMP3097";
				PRODUCT_NAME = "$(TARGET_NAME)";
				SWIFT_EMIT_LOC_STRINGS = YES;
				SWIFT_VERSION = 5.0;
				TARGETED_DEVICE_FAMILY = "1,2";
			};
			name = Debug;
		};
		608A92FC2D70D1CF00C9D29C /* Release */ = {
			isa = XCBuildConfiguration;
			buildSettings = {
				ASSETCATALOG_COMPILER_APPICON_NAME = AppIcon;
				ASSETCATALOG_COMPILER_GLOBAL_ACCENT_COLOR_NAME = AccentColor;
				CODE_SIGN_STYLE = Automatic;
				CURRENT_PROJECT_VERSION = 1;
				GENERATE_INFOPLIST_FILE = YES;
				INFOPLIST_FILE = TODO_COMP3097/Info.plist;
				INFOPLIST_KEY_UIApplicationSupportsIndirectInputEvents = YES;
				INFOPLIST_KEY_UILaunchStoryboardName = LaunchScreen;
				INFOPLIST_KEY_UIMainStoryboardFile = Main;
				INFOPLIST_KEY_UIStatusBarStyle = "";
				INFOPLIST_KEY_UISupportedInterfaceOrientations_iPad = "UIInterfaceOrientationPortrait UIInterfaceOrientationPortraitUpsideDown UIInterfaceOrientationLandscapeLeft UIInterfaceOrientationLandscapeRight";
				INFOPLIST_KEY_UISupportedInterfaceOrientations_iPhone = "UIInterfaceOrientationPortrait UIInterfaceOrientationLandscapeLeft UIInterfaceOrientationLandscapeRight";
				LD_RUNPATH_SEARCH_PATHS = (
					"$(inherited)",
					"@executable_path/Frameworks",
				);
				MARKETING_VERSION = 1.0;
				PRODUCT_BUNDLE_IDENTIFIER = "on.gbc.TODO-COMP3097";
				PRODUCT_NAME = "$(TARGET_NAME)";
				SWIFT_EMIT_LOC_STRINGS = YES;
				SWIFT_VERSION = 5.0;
				TARGETED_DEVICE_FAMILY = "1,2";
			};
			name = Release;
		};
		608A92FD2D70D1CF00C9D29C /* Debug */ = {
			isa = XCBuildConfiguration;
			buildSettings = {
				ALWAYS_SEARCH_USER_PATHS = NO;
				ASSETCATALOG_COMPILER_GENERATE_SWIFT_ASSET_SYMBOL_EXTENSIONS = YES;
				CLANG_ANALYZER_NONNULL = YES;
				CLANG_ANALYZER_NUMBER_OBJECT_CONVERSION = YES_AGGRESSIVE;
				CLANG_CXX_LANGUAGE_STANDARD = "gnu++20";
				CLANG_ENABLE_MODULES = YES;
				CLANG_ENABLE_OBJC_ARC = YES;
				CLANG_ENABLE_OBJC_WEAK = YES;
				CLANG_WARN_BLOCK_CAPTURE_AUTORELEASING = YES;
				CLANG_WARN_BOOL_CONVERSION = YES;
				CLANG_WARN_COMMA = YES;
				CLANG_WARN_CONSTANT_CONVERSION = YES;
				CLANG_WARN_DEPRECATED_OBJC_IMPLEMENTATIONS = YES;
				CLANG_WARN_DIRECT_OBJC_ISA_USAGE = YES_ERROR;
				CLANG_WARN_DOCUMENTATION_COMMENTS = YES;
				CLANG_WARN_EMPTY_BODY = YES;
				CLANG_WARN_ENUM_CONVERSION = YES;
				CLANG_WARN_INFINITE_RECURSION = YES;
				CLANG_WARN_INT_CONVERSION = YES;
				CLANG_WARN_NON_LITERAL_NULL_CONVERSION = YES;
				CLANG_WARN_OBJC_IMPLICIT_RETAIN_SELF = YES;
				CLANG_WARN_OBJC_LITERAL_CONVERSION = YES;
				CLANG_WARN_OBJC_ROOT_CLASS = YES_ERROR;
				CLANG_WARN_QUOTED_INCLUDE_IN_FRAMEWORK_HEADER = YES;
				CLANG_WARN_RANGE_LOOP_ANALYSIS = YES;
				CLANG_WARN_STRICT_PROTOTYPES = YES;
				CLANG_WARN_SUSPICIOUS_MOVE = YES;
				CLANG_WARN_UNGUARDED_AVAILABILITY = YES_AGGRESSIVE;
				CLANG_WARN_UNREACHABLE_CODE = YES;
				CLANG_WARN__DUPLICATE_METHOD_MATCH = YES;
				COPY_PHASE_STRIP = NO;
				DEBUG_INFORMATION_FORMAT = dwarf;
				ENABLE_STRICT_OBJC_MSGSEND = YES;
				ENABLE_TESTABILITY = YES;
				ENABLE_USER_SCRIPT_SANDBOXING = YES;
				GCC_C_LANGUAGE_STANDARD = gnu17;
				GCC_DYNAMIC_NO_PIC = NO;
				GCC_NO_COMMON_BLOCKS = YES;
				GCC_OPTIMIZATION_LEVEL = 0;
				GCC_PREPROCESSOR_DEFINITIONS = (
					"DEBUG=1",
					"$(inherited)",
				);
				GCC_WARN_64_TO_32_BIT_CONVERSION = YES;
				GCC_WARN_ABOUT_RETURN_TYPE = YES_ERROR;
				GCC_WARN_UNDECLARED_SELECTOR = YES;
				GCC_WARN_UNINITIALIZED_AUTOS = YES_AGGRESSIVE;
				GCC_WARN_UNUSED_FUNCTION = YES;
				GCC_WARN_UNUSED_VARIABLE = YES;
				IPHONEOS_DEPLOYMENT_TARGET = 18.2;
				LOCALIZATION_PREFERS_STRING_CATALOGS = YES;
				MTL_ENABLE_DEBUG_INFO = INCLUDE_SOURCE;
				MTL_FAST_MATH = YES;
				ONLY_ACTIVE_ARCH = YES;
				SDKROOT = iphoneos;
				SWIFT_ACTIVE_COMPILATION_CONDITIONS = "DEBUG $(inherited)";
				SWIFT_OPTIMIZATION_LEVEL = "-Onone";
			};
			name = Debug;
		};
		608A92FE2D70D1CF00C9D29C /* Release */ = {
			isa = XCBuildConfiguration;
			buildSettings = {
				ALWAYS_SEARCH_USER_PATHS = NO;
				ASSETCATALOG_COMPILER_GENERATE_SWIFT_ASSET_SYMBOL_EXTENSIONS = YES;
				CLANG_ANALYZER_NONNULL = YES;
				CLANG_ANALYZER_NUMBER_OBJECT_CONVERSION = YES_AGGRESSIVE;
				CLANG_CXX_LANGUAGE_STANDARD = "gnu++20";
				CLANG_ENABLE_MODULES = YES;
				CLANG_ENABLE_OBJC_ARC = YES;
				CLANG_ENABLE_OBJC_WEAK = YES;
				CLANG_WARN_BLOCK_CAPTURE_AUTORELEASING = YES;
				CLANG_WARN_BOOL_CONVERSION = YES;
				CLANG_WARN_COMMA = YES;
				CLANG_WARN_CONSTANT_CONVERSION = YES;
				CLANG_WARN_DEPRECATED_OBJC_IMPLEMENTATIONS = YES;
				CLANG_WARN_DIRECT_OBJC_ISA_USAGE = YES_ERROR;
				CLANG_WARN_DOCUMENTATION_COMMENTS = YES;
				CLANG_WARN_EMPTY_BODY = YES;
				CLANG_WARN_ENUM_CONVERSION = YES;
				CLANG_WARN_INFINITE_RECURSION = YES;
				CLANG_WARN_INT_CONVERSION = YES;
				CLANG_WARN_NON_LITERAL_NULL_CONVERSION = YES;
				CLANG_WARN_OBJC_IMPLICIT_RETAIN_SELF = YES;
				CLANG_WARN_OBJC_LITERAL_CONVERSION = YES;
				CLANG_WARN_OBJC_ROOT_CLASS = YES_ERROR;
				CLANG_WARN_QUOTED_INCLUDE_IN_FRAMEWORK_HEADER = YES;
				CLANG_WARN_RANGE_LOOP_ANALYSIS = YES;
				CLANG_WARN_STRICT_PROTOTYPES = YES;
				CLANG_WARN_SUSPICIOUS_MOVE = YES;
				CLANG_WARN_UNGUARDED_AVAILABILITY = YES_AGGRESSIVE;
				CLANG_WARN_UNREACHABLE_CODE = YES;
				CLANG_WARN__DUPLICATE_METHOD_MATCH = YES;
				COPY_PHASE_STRIP = NO;
				DEBUG_INFORMATION_FORMAT = "dwarf-with-dsym";
				ENABLE_NS_ASSERTIONS = NO;
				ENABLE_STRICT_OBJC_MSGSEND = YES;
				ENABLE_USER_SCRIPT_SANDBOXING = YES;
				GCC_C_LANGUAGE_STANDARD = gnu17;
				GCC_NO_COMMON_BLOCKS = YES;
				GCC_WARN_64_TO_32_BIT_CONVERSION = YES;
				GCC_WARN_ABOUT_RETURN_TYPE = YES_ERROR;
				GCC_WARN_UNDECLARED_SELECTOR = YES;
				GCC_WARN_UNINITIALIZED_AUTOS = YES_AGGRESSIVE;
				GCC_WARN_UNUSED_FUNCTION = YES;
				GCC_WARN_UNUSED_VARIABLE = YES;
				IPHONEOS_DEPLOYMENT_TARGET = 18.2;
				LOCALIZATION_PREFERS_STRING_CATALOGS = YES;
				MTL_ENABLE_DEBUG_INFO = NO;
				MTL_FAST_MATH = YES;
				SDKROOT = iphoneos;
				SWIFT_COMPILATION_MODE = wholemodule;
				VALIDATE_PRODUCT = YES;
			};
			name = Release;
		};
		608A93002D70D1CF00C9D29C /* Debug */ = {
			isa = XCBuildConfiguration;
			buildSettings = {
				BUNDLE_LOADER = "$(TEST_HOST)";
				CODE_SIGN_STYLE = Automatic;
				CURRENT_PROJECT_VERSION = 1;
				GENERATE_INFOPLIST_FILE = YES;
				IPHONEOS_DEPLOYMENT_TARGET = 18.2;
				MARKETING_VERSION = 1.0;
				PRODUCT_BUNDLE_IDENTIFIER = "on.gbc.TODO-COMP3097Tests";
				PRODUCT_NAME = "$(TARGET_NAME)";
				SWIFT_EMIT_LOC_STRINGS = NO;
				SWIFT_VERSION = 5.0;
				TARGETED_DEVICE_FAMILY = "1,2";
				TEST_HOST = "$(BUILT_PRODUCTS_DIR)/TODO_COMP3097.app/$(BUNDLE_EXECUTABLE_FOLDER_PATH)/TODO_COMP3097";
			};
			name = Debug;
		};
		608A93012D70D1CF00C9D29C /* Release */ = {
			isa = XCBuildConfiguration;
			buildSettings = {
				BUNDLE_LOADER = "$(TEST_HOST)";
				CODE_SIGN_STYLE = Automatic;
				CURRENT_PROJECT_VERSION = 1;
				GENERATE_INFOPLIST_FILE = YES;
				IPHONEOS_DEPLOYMENT_TARGET = 18.2;
				MARKETING_VERSION = 1.0;
				PRODUCT_BUNDLE_IDENTIFIER = "on.gbc.TODO-COMP3097Tests";
				PRODUCT_NAME = "$(TARGET_NAME)";
				SWIFT_EMIT_LOC_STRINGS = NO;
				SWIFT_VERSION = 5.0;
				TARGETED_DEVICE_FAMILY = "1,2";
				TEST_HOST = "$(BUILT_PRODUCTS_DIR)/TODO_COMP3097.app/$(BUNDLE_EXECUTABLE_FOLDER_PATH)/TODO_COMP3097";
			};
			name = Release;
		};
		608A93032D70D1CF00C9D29C /* Debug */ = {
			isa = XCBuildConfiguration;
			buildSettings = {
				CODE_SIGN_STYLE = Automatic;
				CURRENT_PROJECT_VERSION = 1;
				GENERATE_INFOPLIST_FILE = YES;
				MARKETING_VERSION = 1.0;
				PRODUCT_BUNDLE_IDENTIFIER = "on.gbc.TODO-COMP3097UITests";
				PRODUCT_NAME = "$(TARGET_NAME)";
				SWIFT_EMIT_LOC_STRINGS = NO;
				SWIFT_VERSION = 5.0;
				TARGETED_DEVICE_FAMILY = "1,2";
				TEST_TARGET_NAME = TODO_COMP3097;
			};
			name = Debug;
		};
		608A93042D70D1CF00C9D29C /* Release */ = {
			isa = XCBuildConfiguration;
			buildSettings = {
				CODE_SIGN_STYLE = Automatic;
				CURRENT_PROJECT_VERSION = 1;
				GENERATE_INFOPLIST_FILE = YES;
				MARKETING_VERSION = 1.0;
				PRODUCT_BUNDLE_IDENTIFIER = "on.gbc.TODO-COMP3097UITests";
				PRODUCT_NAME = "$(TARGET_NAME)";
				SWIFT_EMIT_LOC_STRINGS = NO;
				SWIFT_VERSION = 5.0;
				TARGETED_DEVICE_FAMILY = "1,2";
				TEST_TARGET_NAME = TODO_COMP3097;
			};
			name = Release;
		};
/* End XCBuildConfiguration section */

/* Begin XCConfigurationList section */
		608A92CC2D70D1CD00C9D29C /* Build configuration list for PBXProject "TODO_COMP3097" */ = {
			isa = XCConfigurationList;
			buildConfigurations = (
				608A92FD2D70D1CF00C9D29C /* Debug */,
				608A92FE2D70D1CF00C9D29C /* Release */,
			);
			defaultConfigurationIsVisible = 0;
			defaultConfigurationName = Release;
		};
		608A92FA2D70D1CF00C9D29C /* Build configuration list for PBXNativeTarget "TODO_COMP3097" */ = {
			isa = XCConfigurationList;
			buildConfigurations = (
				608A92FB2D70D1CF00C9D29C /* Debug */,
				608A92FC2D70D1CF00C9D29C /* Release */,
			);
			defaultConfigurationIsVisible = 0;
			defaultConfigurationName = Release;
		};
		608A92FF2D70D1CF00C9D29C /* Build configuration list for PBXNativeTarget "TODO_COMP3097Tests" */ = {
			isa = XCConfigurationList;
			buildConfigurations = (
				608A93002D70D1CF00C9D29C /* Debug */,
				608A93012D70D1CF00C9D29C /* Release */,
			);
			defaultConfigurationIsVisible = 0;
			defaultConfigurationName = Release;
		};
		608A93022D70D1CF00C9D29C /* Build configuration list for PBXNativeTarget "TODO_COMP3097UITests" */ = {
			isa = XCConfigurationList;
			buildConfigurations = (
				608A93032D70D1CF00C9D29C /* Debug */,
				608A93042D70D1CF00C9D29C /* Release */,
			);
			defaultConfigurationIsVisible = 0;
			defaultConfigurationName = Release;
		};
/* End XCConfigurationList section */
	};
	rootObject = 608A92C92D70D1CD00C9D29C /* Project object */;
}
